// !$*UTF8*$!
{
	archiveVersion = 1;
	classes = {
	};
	objectVersion = 50;
	objects = {

/* Begin PBXBuildFile section */
		632401682313061E006BAEDB /* HTTPGetRequest.swift in Sources */ = {isa = PBXBuildFile; fileRef = 632401672313061E006BAEDB /* HTTPGetRequest.swift */; };
		63F177CA230C72DB00157EB4 /* AppDelegate.swift in Sources */ = {isa = PBXBuildFile; fileRef = 63F177C9230C72DB00157EB4 /* AppDelegate.swift */; };
		63F177CC230C72DB00157EB4 /* MainViewController.swift in Sources */ = {isa = PBXBuildFile; fileRef = 63F177CB230C72DB00157EB4 /* MainViewController.swift */; };
		63F177D2230C72DB00157EB4 /* Top_100_Albums.xcdatamodeld in Sources */ = {isa = PBXBuildFile; fileRef = 63F177D0230C72DB00157EB4 /* Top_100_Albums.xcdatamodeld */; };
		63F177D4230C72DC00157EB4 /* Assets.xcassets in Resources */ = {isa = PBXBuildFile; fileRef = 63F177D3230C72DC00157EB4 /* Assets.xcassets */; };
		63F177D7230C72DC00157EB4 /* LaunchScreen.storyboard in Resources */ = {isa = PBXBuildFile; fileRef = 63F177D5230C72DC00157EB4 /* LaunchScreen.storyboard */; };
		63F177E2230C72DC00157EB4 /* Top_100_AlbumsTests.swift in Sources */ = {isa = PBXBuildFile; fileRef = 63F177E1230C72DC00157EB4 /* Top_100_AlbumsTests.swift */; };
		63F177ED230C72DC00157EB4 /* Top_100_AlbumsUITests.swift in Sources */ = {isa = PBXBuildFile; fileRef = 63F177EC230C72DC00157EB4 /* Top_100_AlbumsUITests.swift */; };
		63F177FB230C770700157EB4 /* DetailViewController.swift in Sources */ = {isa = PBXBuildFile; fileRef = 63F177FA230C770700157EB4 /* DetailViewController.swift */; };
		63F177FD230CD68400157EB4 /* AlbumTableViewCell.swift in Sources */ = {isa = PBXBuildFile; fileRef = 63F177FC230CD68400157EB4 /* AlbumTableViewCell.swift */; };
		63F17801230F587700157EB4 /* AppConstants.swift in Sources */ = {isa = PBXBuildFile; fileRef = 63F17800230F587700157EB4 /* AppConstants.swift */; };
		63F17803230FBD3500157EB4 /* FeedStructure.swift in Sources */ = {isa = PBXBuildFile; fileRef = 63F17802230FBD3500157EB4 /* FeedStructure.swift */; };
/* End PBXBuildFile section */

/* Begin PBXContainerItemProxy section */
		63F177DE230C72DC00157EB4 /* PBXContainerItemProxy */ = {
			isa = PBXContainerItemProxy;
			containerPortal = 63F177BE230C72DB00157EB4 /* Project object */;
			proxyType = 1;
			remoteGlobalIDString = 63F177C5230C72DB00157EB4;
			remoteInfo = "Top 100 Albums";
		};
		63F177E9230C72DC00157EB4 /* PBXContainerItemProxy */ = {
			isa = PBXContainerItemProxy;
			containerPortal = 63F177BE230C72DB00157EB4 /* Project object */;
			proxyType = 1;
			remoteGlobalIDString = 63F177C5230C72DB00157EB4;
			remoteInfo = "Top 100 Albums";
		};
/* End PBXContainerItemProxy section */

/* Begin PBXFileReference section */
		632401662312E7BE006BAEDB /* placeholder.png */ = {isa = PBXFileReference; lastKnownFileType = image.png; path = placeholder.png; sourceTree = "<group>"; };
		632401672313061E006BAEDB /* HTTPGetRequest.swift */ = {isa = PBXFileReference; lastKnownFileType = sourcecode.swift; path = HTTPGetRequest.swift; sourceTree = "<group>"; };
		63F177C6230C72DB00157EB4 /* Top 100 Albums.app */ = {isa = PBXFileReference; explicitFileType = wrapper.application; includeInIndex = 0; path = "Top 100 Albums.app"; sourceTree = BUILT_PRODUCTS_DIR; };
		63F177C9230C72DB00157EB4 /* AppDelegate.swift */ = {isa = PBXFileReference; lastKnownFileType = sourcecode.swift; path = AppDelegate.swift; sourceTree = "<group>"; };
		63F177CB230C72DB00157EB4 /* MainViewController.swift */ = {isa = PBXFileReference; lastKnownFileType = sourcecode.swift; path = MainViewController.swift; sourceTree = "<group>"; };
		63F177D1230C72DB00157EB4 /* Top_100_Albums.xcdatamodel */ = {isa = PBXFileReference; lastKnownFileType = wrapper.xcdatamodel; path = Top_100_Albums.xcdatamodel; sourceTree = "<group>"; };
		63F177D3230C72DC00157EB4 /* Assets.xcassets */ = {isa = PBXFileReference; lastKnownFileType = folder.assetcatalog; path = Assets.xcassets; sourceTree = "<group>"; };
		63F177D6230C72DC00157EB4 /* Base */ = {isa = PBXFileReference; lastKnownFileType = file.storyboard; name = Base; path = Base.lproj/LaunchScreen.storyboard; sourceTree = "<group>"; };
		63F177D8230C72DC00157EB4 /* Info.plist */ = {isa = PBXFileReference; lastKnownFileType = text.plist.xml; path = Info.plist; sourceTree = "<group>"; };
		63F177DD230C72DC00157EB4 /* Top 100 AlbumsTests.xctest */ = {isa = PBXFileReference; explicitFileType = wrapper.cfbundle; includeInIndex = 0; path = "Top 100 AlbumsTests.xctest"; sourceTree = BUILT_PRODUCTS_DIR; };
		63F177E1230C72DC00157EB4 /* Top_100_AlbumsTests.swift */ = {isa = PBXFileReference; lastKnownFileType = sourcecode.swift; path = Top_100_AlbumsTests.swift; sourceTree = "<group>"; };
		63F177E3230C72DC00157EB4 /* Info.plist */ = {isa = PBXFileReference; lastKnownFileType = text.plist.xml; path = Info.plist; sourceTree = "<group>"; };
		63F177E8230C72DC00157EB4 /* Top 100 AlbumsUITests.xctest */ = {isa = PBXFileReference; explicitFileType = wrapper.cfbundle; includeInIndex = 0; path = "Top 100 AlbumsUITests.xctest"; sourceTree = BUILT_PRODUCTS_DIR; };
		63F177EC230C72DC00157EB4 /* Top_100_AlbumsUITests.swift */ = {isa = PBXFileReference; lastKnownFileType = sourcecode.swift; path = Top_100_AlbumsUITests.swift; sourceTree = "<group>"; };
		63F177EE230C72DC00157EB4 /* Info.plist */ = {isa = PBXFileReference; lastKnownFileType = text.plist.xml; path = Info.plist; sourceTree = "<group>"; };
		63F177FA230C770700157EB4 /* DetailViewController.swift */ = {isa = PBXFileReference; lastKnownFileType = sourcecode.swift; path = DetailViewController.swift; sourceTree = "<group>"; };
		63F177FC230CD68400157EB4 /* AlbumTableViewCell.swift */ = {isa = PBXFileReference; lastKnownFileType = sourcecode.swift; path = AlbumTableViewCell.swift; sourceTree = "<group>"; };
		63F17800230F587700157EB4 /* AppConstants.swift */ = {isa = PBXFileReference; lastKnownFileType = sourcecode.swift; path = AppConstants.swift; sourceTree = "<group>"; };
		63F17802230FBD3500157EB4 /* FeedStructure.swift */ = {isa = PBXFileReference; lastKnownFileType = sourcecode.swift; path = FeedStructure.swift; sourceTree = "<group>"; };
/* End PBXFileReference section */

/* Begin PBXFrameworksBuildPhase section */
		63F177C3230C72DB00157EB4 /* Frameworks */ = {
			isa = PBXFrameworksBuildPhase;
			buildActionMask = 2147483647;
			files = (
			);
			runOnlyForDeploymentPostprocessing = 0;
		};
		63F177DA230C72DC00157EB4 /* Frameworks */ = {
			isa = PBXFrameworksBuildPhase;
			buildActionMask = 2147483647;
			files = (
			);
			runOnlyForDeploymentPostprocessing = 0;
		};
		63F177E5230C72DC00157EB4 /* Frameworks */ = {
			isa = PBXFrameworksBuildPhase;
			buildActionMask = 2147483647;
			files = (
			);
			runOnlyForDeploymentPostprocessing = 0;
		};
/* End PBXFrameworksBuildPhase section */

/* Begin PBXGroup section */
		63F177BD230C72DB00157EB4 = {
			isa = PBXGroup;
			children = (
				63F177C8230C72DB00157EB4 /* Top 100 Albums */,
				63F177E0230C72DC00157EB4 /* Top 100 AlbumsTests */,
				63F177EB230C72DC00157EB4 /* Top 100 AlbumsUITests */,
				63F177C7230C72DB00157EB4 /* Products */,
			);
			sourceTree = "<group>";
		};
		63F177C7230C72DB00157EB4 /* Products */ = {
			isa = PBXGroup;
			children = (
				63F177C6230C72DB00157EB4 /* Top 100 Albums.app */,
				63F177DD230C72DC00157EB4 /* Top 100 AlbumsTests.xctest */,
				63F177E8230C72DC00157EB4 /* Top 100 AlbumsUITests.xctest */,
			);
			name = Products;
			sourceTree = "<group>";
		};
		63F177C8230C72DB00157EB4 /* Top 100 Albums */ = {
			isa = PBXGroup;
			children = (
				63F177C9230C72DB00157EB4 /* AppDelegate.swift */,
				63F17800230F587700157EB4 /* AppConstants.swift */,
				63F177CB230C72DB00157EB4 /* MainViewController.swift */,
				63F17802230FBD3500157EB4 /* FeedStructure.swift */,
				63F177FC230CD68400157EB4 /* AlbumTableViewCell.swift */,
				632401672313061E006BAEDB /* HTTPGetRequest.swift */,
				63F177FA230C770700157EB4 /* DetailViewController.swift */,
				63F177D3230C72DC00157EB4 /* Assets.xcassets */,
				632401662312E7BE006BAEDB /* placeholder.png */,
				63F177D5230C72DC00157EB4 /* LaunchScreen.storyboard */,
				63F177D8230C72DC00157EB4 /* Info.plist */,
				63F177D0230C72DB00157EB4 /* Top_100_Albums.xcdatamodeld */,
			);
			path = "Top 100 Albums";
			sourceTree = "<group>";
		};
		63F177E0230C72DC00157EB4 /* Top 100 AlbumsTests */ = {
			isa = PBXGroup;
			children = (
				63F177E1230C72DC00157EB4 /* Top_100_AlbumsTests.swift */,
				63F177E3230C72DC00157EB4 /* Info.plist */,
			);
			path = "Top 100 AlbumsTests";
			sourceTree = "<group>";
		};
		63F177EB230C72DC00157EB4 /* Top 100 AlbumsUITests */ = {
			isa = PBXGroup;
			children = (
				63F177EC230C72DC00157EB4 /* Top_100_AlbumsUITests.swift */,
				63F177EE230C72DC00157EB4 /* Info.plist */,
			);
			path = "Top 100 AlbumsUITests";
			sourceTree = "<group>";
		};
/* End PBXGroup section */

/* Begin PBXNativeTarget section */
		63F177C5230C72DB00157EB4 /* Top 100 Albums */ = {
			isa = PBXNativeTarget;
			buildConfigurationList = 63F177F1230C72DC00157EB4 /* Build configuration list for PBXNativeTarget "Top 100 Albums" */;
			buildPhases = (
				63F177C2230C72DB00157EB4 /* Sources */,
				63F177C3230C72DB00157EB4 /* Frameworks */,
				63F177C4230C72DB00157EB4 /* Resources */,
			);
			buildRules = (
			);
			dependencies = (
			);
			name = "Top 100 Albums";
			productName = "Top 100 Albums";
			productReference = 63F177C6230C72DB00157EB4 /* Top 100 Albums.app */;
			productType = "com.apple.product-type.application";
		};
		63F177DC230C72DC00157EB4 /* Top 100 AlbumsTests */ = {
			isa = PBXNativeTarget;
			buildConfigurationList = 63F177F4230C72DC00157EB4 /* Build configuration list for PBXNativeTarget "Top 100 AlbumsTests" */;
			buildPhases = (
				63F177D9230C72DC00157EB4 /* Sources */,
				63F177DA230C72DC00157EB4 /* Frameworks */,
				63F177DB230C72DC00157EB4 /* Resources */,
			);
			buildRules = (
			);
			dependencies = (
				63F177DF230C72DC00157EB4 /* PBXTargetDependency */,
			);
			name = "Top 100 AlbumsTests";
			productName = "Top 100 AlbumsTests";
			productReference = 63F177DD230C72DC00157EB4 /* Top 100 AlbumsTests.xctest */;
			productType = "com.apple.product-type.bundle.unit-test";
		};
		63F177E7230C72DC00157EB4 /* Top 100 AlbumsUITests */ = {
			isa = PBXNativeTarget;
			buildConfigurationList = 63F177F7230C72DC00157EB4 /* Build configuration list for PBXNativeTarget "Top 100 AlbumsUITests" */;
			buildPhases = (
				63F177E4230C72DC00157EB4 /* Sources */,
				63F177E5230C72DC00157EB4 /* Frameworks */,
				63F177E6230C72DC00157EB4 /* Resources */,
			);
			buildRules = (
			);
			dependencies = (
				63F177EA230C72DC00157EB4 /* PBXTargetDependency */,
			);
			name = "Top 100 AlbumsUITests";
			productName = "Top 100 AlbumsUITests";
			productReference = 63F177E8230C72DC00157EB4 /* Top 100 AlbumsUITests.xctest */;
			productType = "com.apple.product-type.bundle.ui-testing";
		};
/* End PBXNativeTarget section */

/* Begin PBXProject section */
		63F177BE230C72DB00157EB4 /* Project object */ = {
			isa = PBXProject;
			attributes = {
				LastSwiftUpdateCheck = 1030;
				LastUpgradeCheck = 1030;
				ORGANIZATIONNAME = "Tapinfuse, LLC";
				TargetAttributes = {
					63F177C5230C72DB00157EB4 = {
						CreatedOnToolsVersion = 10.3;
					};
					63F177DC230C72DC00157EB4 = {
						CreatedOnToolsVersion = 10.3;
						TestTargetID = 63F177C5230C72DB00157EB4;
					};
					63F177E7230C72DC00157EB4 = {
						CreatedOnToolsVersion = 10.3;
						TestTargetID = 63F177C5230C72DB00157EB4;
					};
				};
			};
			buildConfigurationList = 63F177C1230C72DB00157EB4 /* Build configuration list for PBXProject "Top 100 Albums" */;
			compatibilityVersion = "Xcode 9.3";
			developmentRegion = en;
			hasScannedForEncodings = 0;
			knownRegions = (
				en,
				Base,
			);
			mainGroup = 63F177BD230C72DB00157EB4;
			productRefGroup = 63F177C7230C72DB00157EB4 /* Products */;
			projectDirPath = "";
			projectRoot = "";
			targets = (
				63F177C5230C72DB00157EB4 /* Top 100 Albums */,
				63F177DC230C72DC00157EB4 /* Top 100 AlbumsTests */,
				63F177E7230C72DC00157EB4 /* Top 100 AlbumsUITests */,
			);
		};
/* End PBXProject section */

/* Begin PBXResourcesBuildPhase section */
		63F177C4230C72DB00157EB4 /* Resources */ = {
			isa = PBXResourcesBuildPhase;
			buildActionMask = 2147483647;
			files = (
				63F177D7230C72DC00157EB4 /* LaunchScreen.storyboard in Resources */,
				63F177D4230C72DC00157EB4 /* Assets.xcassets in Resources */,
			);
			runOnlyForDeploymentPostprocessing = 0;
		};
		63F177DB230C72DC00157EB4 /* Resources */ = {
			isa = PBXResourcesBuildPhase;
			buildActionMask = 2147483647;
			files = (
			);
			runOnlyForDeploymentPostprocessing = 0;
		};
		63F177E6230C72DC00157EB4 /* Resources */ = {
			isa = PBXResourcesBuildPhase;
			buildActionMask = 2147483647;
			files = (
			);
			runOnlyForDeploymentPostprocessing = 0;
		};
/* End PBXResourcesBuildPhase section */

/* Begin PBXSourcesBuildPhase section */
		63F177C2230C72DB00157EB4 /* Sources */ = {
			isa = PBXSourcesBuildPhase;
			buildActionMask = 2147483647;
			files = (
				632401682313061E006BAEDB /* HTTPGetRequest.swift in Sources */,
				63F177FD230CD68400157EB4 /* AlbumTableViewCell.swift in Sources */,
				63F17801230F587700157EB4 /* AppConstants.swift in Sources */,
				63F177CC230C72DB00157EB4 /* MainViewController.swift in Sources */,
				63F177D2230C72DB00157EB4 /* Top_100_Albums.xcdatamodeld in Sources */,
				63F177CA230C72DB00157EB4 /* AppDelegate.swift in Sources */,
				63F177FB230C770700157EB4 /* DetailViewController.swift in Sources */,
				63F17803230FBD3500157EB4 /* FeedStructure.swift in Sources */,
			);
			runOnlyForDeploymentPostprocessing = 0;
		};
		63F177D9230C72DC00157EB4 /* Sources */ = {
			isa = PBXSourcesBuildPhase;
			buildActionMask = 2147483647;
			files = (
				63F177E2230C72DC00157EB4 /* Top_100_AlbumsTests.swift in Sources */,
			);
			runOnlyForDeploymentPostprocessing = 0;
		};
		63F177E4230C72DC00157EB4 /* Sources */ = {
			isa = PBXSourcesBuildPhase;
			buildActionMask = 2147483647;
			files = (
				63F177ED230C72DC00157EB4 /* Top_100_AlbumsUITests.swift in Sources */,
			);
			runOnlyForDeploymentPostprocessing = 0;
		};
/* End PBXSourcesBuildPhase section */

/* Begin PBXTargetDependency section */
		63F177DF230C72DC00157EB4 /* PBXTargetDependency */ = {
			isa = PBXTargetDependency;
			target = 63F177C5230C72DB00157EB4 /* Top 100 Albums */;
			targetProxy = 63F177DE230C72DC00157EB4 /* PBXContainerItemProxy */;
		};
		63F177EA230C72DC00157EB4 /* PBXTargetDependency */ = {
			isa = PBXTargetDependency;
			target = 63F177C5230C72DB00157EB4 /* Top 100 Albums */;
			targetProxy = 63F177E9230C72DC00157EB4 /* PBXContainerItemProxy */;
		};
/* End PBXTargetDependency section */

/* Begin PBXVariantGroup section */
		63F177D5230C72DC00157EB4 /* LaunchScreen.storyboard */ = {
			isa = PBXVariantGroup;
			children = (
				63F177D6230C72DC00157EB4 /* Base */,
			);
			name = LaunchScreen.storyboard;
			sourceTree = "<group>";
		};
/* End PBXVariantGroup section */

/* Begin XCBuildConfiguration section */
		63F177EF230C72DC00157EB4 /* Debug */ = {
			isa = XCBuildConfiguration;
			buildSettings = {
				ALWAYS_SEARCH_USER_PATHS = NO;
				CLANG_ANALYZER_NONNULL = YES;
				CLANG_ANALYZER_NUMBER_OBJECT_CONVERSION = YES_AGGRESSIVE;
				CLANG_CXX_LANGUAGE_STANDARD = "gnu++14";
				CLANG_CXX_LIBRARY = "libc++";
				CLANG_ENABLE_MODULES = YES;
				CLANG_ENABLE_OBJC_ARC = YES;
				CLANG_ENABLE_OBJC_WEAK = YES;
				CLANG_WARN_BLOCK_CAPTURE_AUTORELEASING = YES;
				CLANG_WARN_BOOL_CONVERSION = YES;
				CLANG_WARN_COMMA = YES;
				CLANG_WARN_CONSTANT_CONVERSION = YES;
				CLANG_WARN_DEPRECATED_OBJC_IMPLEMENTATIONS = YES;
				CLANG_WARN_DIRECT_OBJC_ISA_USAGE = YES_ERROR;
				CLANG_WARN_DOCUMENTATION_COMMENTS = YES;
				CLANG_WARN_EMPTY_BODY = YES;
				CLANG_WARN_ENUM_CONVERSION = YES;
				CLANG_WARN_INFINITE_RECURSION = YES;
				CLANG_WARN_INT_CONVERSION = YES;
				CLANG_WARN_NON_LITERAL_NULL_CONVERSION = YES;
				CLANG_WARN_OBJC_IMPLICIT_RETAIN_SELF = YES;
				CLANG_WARN_OBJC_LITERAL_CONVERSION = YES;
				CLANG_WARN_OBJC_ROOT_CLASS = YES_ERROR;
				CLANG_WARN_RANGE_LOOP_ANALYSIS = YES;
				CLANG_WARN_STRICT_PROTOTYPES = YES;
				CLANG_WARN_SUSPICIOUS_MOVE = YES;
				CLANG_WARN_UNGUARDED_AVAILABILITY = YES_AGGRESSIVE;
				CLANG_WARN_UNREACHABLE_CODE = YES;
				CLANG_WARN__DUPLICATE_METHOD_MATCH = YES;
				CODE_SIGN_IDENTITY = "iPhone Developer";
				COPY_PHASE_STRIP = NO;
				DEBUG_INFORMATION_FORMAT = dwarf;
				ENABLE_STRICT_OBJC_MSGSEND = YES;
				ENABLE_TESTABILITY = YES;
				GCC_C_LANGUAGE_STANDARD = gnu11;
				GCC_DYNAMIC_NO_PIC = NO;
				GCC_NO_COMMON_BLOCKS = YES;
				GCC_OPTIMIZATION_LEVEL = 0;
				GCC_PREPROCESSOR_DEFINITIONS = (
					"DEBUG=1",
					"$(inherited)",
				);
				GCC_WARN_64_TO_32_BIT_CONVERSION = YES;
				GCC_WARN_ABOUT_RETURN_TYPE = YES_ERROR;
				GCC_WARN_UNDECLARED_SELECTOR = YES;
				GCC_WARN_UNINITIALIZED_AUTOS = YES_AGGRESSIVE;
				GCC_WARN_UNUSED_FUNCTION = YES;
				GCC_WARN_UNUSED_VARIABLE = YES;
				IPHONEOS_DEPLOYMENT_TARGET = 12.4;
				MTL_ENABLE_DEBUG_INFO = INCLUDE_SOURCE;
				MTL_FAST_MATH = YES;
				ONLY_ACTIVE_ARCH = YES;
				SDKROOT = iphoneos;
				SWIFT_ACTIVE_COMPILATION_CONDITIONS = DEBUG;
				SWIFT_OPTIMIZATION_LEVEL = "-Onone";
			};
			name = Debug;
		};
		63F177F0230C72DC00157EB4 /* Release */ = {
			isa = XCBuildConfiguration;
			buildSettings = {
				ALWAYS_SEARCH_USER_PATHS = NO;
				CLANG_ANALYZER_NONNULL = YES;
				CLANG_ANALYZER_NUMBER_OBJECT_CONVERSION = YES_AGGRESSIVE;
				CLANG_CXX_LANGUAGE_STANDARD = "gnu++14";
				CLANG_CXX_LIBRARY = "libc++";
				CLANG_ENABLE_MODULES = YES;
				CLANG_ENABLE_OBJC_ARC = YES;
				CLANG_ENABLE_OBJC_WEAK = YES;
				CLANG_WARN_BLOCK_CAPTURE_AUTORELEASING = YES;
				CLANG_WARN_BOOL_CONVERSION = YES;
				CLANG_WARN_COMMA = YES;
				CLANG_WARN_CONSTANT_CONVERSION = YES;
				CLANG_WARN_DEPRECATED_OBJC_IMPLEMENTATIONS = YES;
				CLANG_WARN_DIRECT_OBJC_ISA_USAGE = YES_ERROR;
				CLANG_WARN_DOCUMENTATION_COMMENTS = YES;
				CLANG_WARN_EMPTY_BODY = YES;
				CLANG_WARN_ENUM_CONVERSION = YES;
				CLANG_WARN_INFINITE_RECURSION = YES;
				CLANG_WARN_INT_CONVERSION = YES;
				CLANG_WARN_NON_LITERAL_NULL_CONVERSION = YES;
				CLANG_WARN_OBJC_IMPLICIT_RETAIN_SELF = YES;
				CLANG_WARN_OBJC_LITERAL_CONVERSION = YES;
				CLANG_WARN_OBJC_ROOT_CLASS = YES_ERROR;
				CLANG_WARN_RANGE_LOOP_ANALYSIS = YES;
				CLANG_WARN_STRICT_PROTOTYPES = YES;
				CLANG_WARN_SUSPICIOUS_MOVE = YES;
				CLANG_WARN_UNGUARDED_AVAILABILITY = YES_AGGRESSIVE;
				CLANG_WARN_UNREACHABLE_CODE = YES;
				CLANG_WARN__DUPLICATE_METHOD_MATCH = YES;
				CODE_SIGN_IDENTITY = "iPhone Developer";
				COPY_PHASE_STRIP = NO;
				DEBUG_INFORMATION_FORMAT = "dwarf-with-dsym";
				ENABLE_NS_ASSERTIONS = NO;
				ENABLE_STRICT_OBJC_MSGSEND = YES;
				GCC_C_LANGUAGE_STANDARD = gnu11;
				GCC_NO_COMMON_BLOCKS = YES;
				GCC_WARN_64_TO_32_BIT_CONVERSION = YES;
				GCC_WARN_ABOUT_RETURN_TYPE = YES_ERROR;
				GCC_WARN_UNDECLARED_SELECTOR = YES;
				GCC_WARN_UNINITIALIZED_AUTOS = YES_AGGRESSIVE;
				GCC_WARN_UNUSED_FUNCTION = YES;
				GCC_WARN_UNUSED_VARIABLE = YES;
				IPHONEOS_DEPLOYMENT_TARGET = 12.4;
				MTL_ENABLE_DEBUG_INFO = NO;
				MTL_FAST_MATH = YES;
				SDKROOT = iphoneos;
				SWIFT_COMPILATION_MODE = wholemodule;
				SWIFT_OPTIMIZATION_LEVEL = "-O";
				VALIDATE_PRODUCT = YES;
			};
			name = Release;
		};
		63F177F2230C72DC00157EB4 /* Debug */ = {
			isa = XCBuildConfiguration;
			buildSettings = {
				ASSETCATALOG_COMPILER_APPICON_NAME = AppIcon;
				CODE_SIGN_STYLE = Automatic;
				DEVELOPMENT_TEAM = DK89B3CEZ5;
				INFOPLIST_FILE = "Top 100 Albums/Info.plist";
				IPHONEOS_DEPLOYMENT_TARGET = 12.4;
				LD_RUNPATH_SEARCH_PATHS = (
					"$(inherited)",
					"@executable_path/Frameworks",
				);
				PRODUCT_BUNDLE_IDENTIFIER = "com.tapinfuse.Top-100-Albums";
				PRODUCT_NAME = "$(TARGET_NAME)";
				SWIFT_VERSION = 5.0;
				TARGETED_DEVICE_FAMILY = 1;
			};
			name = Debug;
		};
		63F177F3230C72DC00157EB4 /* Release */ = {
			isa = XCBuildConfiguration;
			buildSettings = {
				ASSETCATALOG_COMPILER_APPICON_NAME = AppIcon;
				CODE_SIGN_STYLE = Automatic;
				DEVELOPMENT_TEAM = DK89B3CEZ5;
				INFOPLIST_FILE = "Top 100 Albums/Info.plist";
				IPHONEOS_DEPLOYMENT_TARGET = 12.4;
				LD_RUNPATH_SEARCH_PATHS = (
					"$(inherited)",
					"@executable_path/Frameworks",
				);
				PRODUCT_BUNDLE_IDENTIFIER = "com.tapinfuse.Top-100-Albums";
				PRODUCT_NAME = "$(TARGET_NAME)";
				SWIFT_VERSION = 5.0;
				TARGETED_DEVICE_FAMILY = 1;
			};
			name = Release;
		};
		63F177F5230C72DC00157EB4 /* Debug */ = {
			isa = XCBuildConfiguration;
			buildSettings = {
				ALWAYS_EMBED_SWIFT_STANDARD_LIBRARIES = YES;
				BUNDLE_LOADER = "$(TEST_HOST)";
				CODE_SIGN_STYLE = Automatic;
				DEVELOPMENT_TEAM = DK89B3CEZ5;
				INFOPLIST_FILE = "Top 100 AlbumsTests/Info.plist";
				LD_RUNPATH_SEARCH_PATHS = (
					"$(inherited)",
					"@executable_path/Frameworks",
					"@loader_path/Frameworks",
				);
				PRODUCT_BUNDLE_IDENTIFIER = "com.tapinfuse.Top-100-AlbumsTests";
				PRODUCT_NAME = "$(TARGET_NAME)";
				SWIFT_VERSION = 5.0;
				TARGETED_DEVICE_FAMILY = "1,2";
				TEST_HOST = "$(BUILT_PRODUCTS_DIR)/Top 100 Albums.app/Top 100 Albums";
			};
			name = Debug;
		};
		63F177F6230C72DC00157EB4 /* Release */ = {
			isa = XCBuildConfiguration;
			buildSettings = {
				ALWAYS_EMBED_SWIFT_STANDARD_LIBRARIES = YES;
				BUNDLE_LOADER = "$(TEST_HOST)";
				CODE_SIGN_STYLE = Automatic;
				DEVELOPMENT_TEAM = DK89B3CEZ5;
				INFOPLIST_FILE = "Top 100 AlbumsTests/Info.plist";
				LD_RUNPATH_SEARCH_PATHS = (
					"$(inherited)",
					"@executable_path/Frameworks",
					"@loader_path/Frameworks",
				);
				PRODUCT_BUNDLE_IDENTIFIER = "com.tapinfuse.Top-100-AlbumsTests";
				PRODUCT_NAME = "$(TARGET_NAME)";
				SWIFT_VERSION = 5.0;
				TARGETED_DEVICE_FAMILY = "1,2";
				TEST_HOST = "$(BUILT_PRODUCTS_DIR)/Top 100 Albums.app/Top 100 Albums";
			};
			name = Release;
		};
		63F177F8230C72DC00157EB4 /* Debug */ = {
			isa = XCBuildConfiguration;
			buildSettings = {
				ALWAYS_EMBED_SWIFT_STANDARD_LIBRARIES = YES;
				CODE_SIGN_STYLE = Automatic;
				DEVELOPMENT_TEAM = DK89B3CEZ5;
				INFOPLIST_FILE = "Top 100 AlbumsUITests/Info.plist";
				LD_RUNPATH_SEARCH_PATHS = (
					"$(inherited)",
					"@executable_path/Frameworks",
					"@loader_path/Frameworks",
				);
				PRODUCT_BUNDLE_IDENTIFIER = "com.tapinfuse.Top-100-AlbumsUITests";
				PRODUCT_NAME = "$(TARGET_NAME)";
				SWIFT_VERSION = 5.0;
				TARGETED_DEVICE_FAMILY = "1,2";
				TEST_TARGET_NAME = "Top 100 Albums";
			};
			name = Debug;
		};
		63F177F9230C72DC00157EB4 /* Release */ = {
			isa = XCBuildConfiguration;
			buildSettings = {
				ALWAYS_EMBED_SWIFT_STANDARD_LIBRARIES = YES;
				CODE_SIGN_STYLE = Automatic;
				DEVELOPMENT_TEAM = DK89B3CEZ5;
				INFOPLIST_FILE = "Top 100 AlbumsUITests/Info.plist";
				LD_RUNPATH_SEARCH_PATHS = (
					"$(inherited)",
					"@executable_path/Frameworks",
					"@loader_path/Frameworks",
				);
				PRODUCT_BUNDLE_IDENTIFIER = "com.tapinfuse.Top-100-AlbumsUITests";
				PRODUCT_NAME = "$(TARGET_NAME)";
				SWIFT_VERSION = 5.0;
				TARGETED_DEVICE_FAMILY = "1,2";
				TEST_TARGET_NAME = "Top 100 Albums";
			};
			name = Release;
		};
/* End XCBuildConfiguration section */

/* Begin XCConfigurationList section */
		63F177C1230C72DB00157EB4 /* Build configuration list for PBXProject "Top 100 Albums" */ = {
			isa = XCConfigurationList;
			buildConfigurations = (
				63F177EF230C72DC00157EB4 /* Debug */,
				63F177F0230C72DC00157EB4 /* Release */,
			);
			defaultConfigurationIsVisible = 0;
			defaultConfigurationName = Release;
		};
		63F177F1230C72DC00157EB4 /* Build configuration list for PBXNativeTarget "Top 100 Albums" */ = {
			isa = XCConfigurationList;
			buildConfigurations = (
				63F177F2230C72DC00157EB4 /* Debug */,
				63F177F3230C72DC00157EB4 /* Release */,
			);
			defaultConfigurationIsVisible = 0;
			defaultConfigurationName = Release;
		};
		63F177F4230C72DC00157EB4 /* Build configuration list for PBXNativeTarget "Top 100 AlbumsTests" */ = {
			isa = XCConfigurationList;
			buildConfigurations = (
				63F177F5230C72DC00157EB4 /* Debug */,
				63F177F6230C72DC00157EB4 /* Release */,
			);
			defaultConfigurationIsVisible = 0;
			defaultConfigurationName = Release;
		};
		63F177F7230C72DC00157EB4 /* Build configuration list for PBXNativeTarget "Top 100 AlbumsUITests" */ = {
			isa = XCConfigurationList;
			buildConfigurations = (
				63F177F8230C72DC00157EB4 /* Debug */,
				63F177F9230C72DC00157EB4 /* Release */,
			);
			defaultConfigurationIsVisible = 0;
			defaultConfigurationName = Release;
		};
/* End XCConfigurationList section */

/* Begin XCVersionGroup section */
		63F177D0230C72DB00157EB4 /* Top_100_Albums.xcdatamodeld */ = {
			isa = XCVersionGroup;
			children = (
				63F177D1230C72DB00157EB4 /* Top_100_Albums.xcdatamodel */,
			);
			currentVersion = 63F177D1230C72DB00157EB4 /* Top_100_Albums.xcdatamodel */;
			path = Top_100_Albums.xcdatamodeld;
			sourceTree = "<group>";
			versionGroupType = wrapper.xcdatamodel;
		};
/* End XCVersionGroup section */
	};
	rootObject = 63F177BE230C72DB00157EB4 /* Project object */;
}
